
Microsoft Visual Studio Solution File, Format Version 12.00
# Visual Studio Version 17
VisualStudioVersion = 17.9.34622.214
MinimumVisualStudioVersion = 10.0.40219.1
Project("{FAE04EC0-301F-11D3-BF4B-00C04F79EFBC}") = "QuanLyThuVien", "QuanLyThuVien\QuanLyThuVien.csproj", "{FE4E0A12-0B31-468D-8FA1-D996EB8CEBB1}"
EndProject
Global
	GlobalSection(SolutionConfigurationPlatforms) = preSolution
		Debug|Any CPU = Debug|Any CPU
		Release|Any CPU = Release|Any CPU
	EndGlobalSection
	GlobalSection(ProjectConfigurationPlatforms) = postSolution
		{FE4E0A12-0B31-468D-8FA1-D996EB8CEBB1}.Debug|Any CPU.ActiveCfg = Debug|Any CPU
		{FE4E0A12-0B31-468D-8FA1-D996EB8CEBB1}.Debug|Any CPU.Build.0 = Debug|Any CPU
		{FE4E0A12-0B31-468D-8FA1-D996EB8CEBB1}.Release|Any CPU.ActiveCfg = Release|Any CPU
		{FE4E0A12-0B31-468D-8FA1-D996EB8CEBB1}.Release|Any CPU.Build.0 = Release|Any CPU
	EndGlobalSection
	GlobalSection(SolutionProperties) = preSolution
		HideSolutionNode = FALSE
	EndGlobalSection
	GlobalSection(ExtensibilityGlobals) = postSolution
		SolutionGuid = {3055182D-F107-43FC-A9C1-BB4CE1B4FF3F}
	EndGlobalSection
EndGlobal
